
Microsoft Visual Studio Solution File, Format Version 12.00
# Visual Studio Version 16
VisualStudioVersion = 16.0.31019.35
MinimumVisualStudioVersion = 10.0.40219.1
Project("{FAE04EC0-301F-11D3-BF4B-00C04F79EFBC}") = "Sever", "Sever\Sever.csproj", "{DA232FD3-F528-493C-9D21-FAB2032F4C71}"
EndProject
Global
	GlobalSection(SolutionConfigurationPlatforms) = preSolution
		Debug|Any CPU = Debug|Any CPU
		Release|Any CPU = Release|Any CPU
	EndGlobalSection
	GlobalSection(ProjectConfigurationPlatforms) = postSolution
		{DA232FD3-F528-493C-9D21-FAB2032F4C71}.Debug|Any CPU.ActiveCfg = Debug|Any CPU
		{DA232FD3-F528-493C-9D21-FAB2032F4C71}.Debug|Any CPU.Build.0 = Debug|Any CPU
		{DA232FD3-F528-493C-9D21-FAB2032F4C71}.Release|Any CPU.ActiveCfg = Release|Any CPU
		{DA232FD3-F528-493C-9D21-FAB2032F4C71}.Release|Any CPU.Build.0 = Release|Any CPU
	EndGlobalSection
	GlobalSection(SolutionProperties) = preSolution
		HideSolutionNode = FALSE
	EndGlobalSection
	GlobalSection(ExtensibilityGlobals) = postSolution
		SolutionGuid = {B69D257F-C22A-4385-8DA2-7D1E0DA05EE6}
	EndGlobalSection
EndGlobal
